<?xml version="1.0" encoding="utf-8"?>
<Project ToolsVersion="4.0" xmlns="http://schemas.microsoft.com/developer/msbuild/2003">
  <ItemGroup>
    <ClCompile Include="BoxPhysics.cpp">
      <Filter>Source Files</Filter>
    </ClCompile>
    <ClCompile Include="CSDL_Setup.cpp">
      <Filter>Source Files</Filter>
    </ClCompile>
    <ClCompile Include="Game.cpp">
      <Filter>Source Files</Filter>
    </ClCompile>
    <ClCompile Include="main.cpp">
      <Filter>Source Files</Filter>
    </ClCompile>
    <ClCompile Include="Sprite.cpp">
      <Filter>Source Files</Filter>
    </ClCompile>
    <ClCompile Include="myContactListener.cpp">
      <Filter>Source Files</Filter>
    </ClCompile>
    <ClCompile Include="Pigs.cpp">
      <Filter>Source Files</Filter>
    </ClCompile>
    <ClCompile Include="Birds.cpp">
      <Filter>Source Files</Filter>
    </ClCompile>
    <ClCompile Include="PigWalls.cpp">
      <Filter>Source Files</Filter>
    </ClCompile>
  </ItemGroup>
  <ItemGroup>
    <ClInclude Include="Sprite.h">
      <Filter>Header Files</Filter>
    </ClInclude>
    <ClInclude Include="BoxPhysics.h">
      <Filter>Header Files</Filter>
    </ClInclude>
    <ClInclude Include="CSDL_Setup.h">
      <Filter>Header Files</Filter>
    </ClInclude>
    <ClInclude Include="Game.h">
      <Filter>Header Files</Filter>
    </ClInclude>
    <ClInclude Include="myContactListener.h">
      <Filter>Header Files</Filter>
    </ClInclude>
    <ClInclude Include="Pigs.h">
      <Filter>Header Files</Filter>
    </ClInclude>
    <ClInclude Include="PigWalls.h">
      <Filter>Header Files</Filter>
    </ClInclude>
    <ClInclude Include="Birds.h">
      <Filter>Header Files</Filter>
    </ClInclude>
  </ItemGroup>
  <ItemGroup>
    <Filter Include="Source Files">
      <UniqueIdentifier>{c2bce3a2-57df-4f02-8ee1-d48fc08796d2}</UniqueIdentifier>
    </Filter>
    <Filter Include="Header Files">
      <UniqueIdentifier>{403a064d-99e1-4ac3-8b71-c6bce1b7c39c}</UniqueIdentifier>
    </Filter>
  </ItemGroup>
</Project>